
Microsoft Visual Studio Solution File, Format Version 12.00
# Visual Studio Version 17
VisualStudioVersion = 17.3.32901.215
MinimumVisualStudioVersion = 10.0.40219.1
Project("{FAE04EC0-301F-11D3-BF4B-00C04F79EFBC}") = "yarıcap-alan-çevre-hesaplama", "yarıcap-alan-çevre-hesaplama\yarıcap-alan-çevre-hesaplama.csproj", "{7CEA23CB-DD48-4ED7-B3E6-A7577649536B}"
EndProject
Global
	GlobalSection(SolutionConfigurationPlatforms) = preSolution
		Debug|Any CPU = Debug|Any CPU
		Release|Any CPU = Release|Any CPU
	EndGlobalSection
	GlobalSection(ProjectConfigurationPlatforms) = postSolution
		{7CEA23CB-DD48-4ED7-B3E6-A7577649536B}.Debug|Any CPU.ActiveCfg = Debug|Any CPU
		{7CEA23CB-DD48-4ED7-B3E6-A7577649536B}.Debug|Any CPU.Build.0 = Debug|Any CPU
		{7CEA23CB-DD48-4ED7-B3E6-A7577649536B}.Release|Any CPU.ActiveCfg = Release|Any CPU
		{7CEA23CB-DD48-4ED7-B3E6-A7577649536B}.Release|Any CPU.Build.0 = Release|Any CPU
	EndGlobalSection
	GlobalSection(SolutionProperties) = preSolution
		HideSolutionNode = FALSE
	EndGlobalSection
	GlobalSection(ExtensibilityGlobals) = postSolution
		SolutionGuid = {3FA8EE17-65FB-4CCF-8B73-589D2F36A61C}
	EndGlobalSection
EndGlobal
